
Microsoft Visual Studio Solution File, Format Version 12.00
# Visual Studio Version 17
VisualStudioVersion = 17.7.34031.279
MinimumVisualStudioVersion = 10.0.40219.1
Project("{FAE04EC0-301F-11D3-BF4B-00C04F79EFBC}") = "Task cat 3", "Task cat 3\Task cat 3.csproj", "{C3005372-84DC-41AE-8328-53F4F493BA8B}"
EndProject
Project("{FAE04EC0-301F-11D3-BF4B-00C04F79EFBC}") = "treaning", "treaning\treaning.csproj", "{D42438DE-6CDD-4FFB-A492-8230D042055F}"
EndProject
Global
	GlobalSection(SolutionConfigurationPlatforms) = preSolution
		Debug|Any CPU = Debug|Any CPU
		Release|Any CPU = Release|Any CPU
	EndGlobalSection
	GlobalSection(ProjectConfigurationPlatforms) = postSolution
		{C3005372-84DC-41AE-8328-53F4F493BA8B}.Debug|Any CPU.ActiveCfg = Debug|Any CPU
		{C3005372-84DC-41AE-8328-53F4F493BA8B}.Debug|Any CPU.Build.0 = Debug|Any CPU
		{C3005372-84DC-41AE-8328-53F4F493BA8B}.Release|Any CPU.ActiveCfg = Release|Any CPU
		{C3005372-84DC-41AE-8328-53F4F493BA8B}.Release|Any CPU.Build.0 = Release|Any CPU
		{D42438DE-6CDD-4FFB-A492-8230D042055F}.Debug|Any CPU.ActiveCfg = Debug|Any CPU
		{D42438DE-6CDD-4FFB-A492-8230D042055F}.Debug|Any CPU.Build.0 = Debug|Any CPU
		{D42438DE-6CDD-4FFB-A492-8230D042055F}.Release|Any CPU.ActiveCfg = Release|Any CPU
		{D42438DE-6CDD-4FFB-A492-8230D042055F}.Release|Any CPU.Build.0 = Release|Any CPU
	EndGlobalSection
	GlobalSection(SolutionProperties) = preSolution
		HideSolutionNode = FALSE
	EndGlobalSection
	GlobalSection(ExtensibilityGlobals) = postSolution
		SolutionGuid = {EA3C031F-CE91-4981-B704-D9306F3196CC}
	EndGlobalSection
EndGlobal
